
Microsoft Visual Studio Solution File, Format Version 12.00
# Visual Studio Version 17
VisualStudioVersion = 17.5.33414.496
MinimumVisualStudioVersion = 10.0.40219.1
Project("{9A19103F-16F7-4668-BE54-9A1E7A4F7556}") = "Sales.Shared", "Sales.Shared\Sales.Shared.csproj", "{2206858E-1A48-4AE0-A3DD-C0C5D524613C}"
EndProject
Project("{9A19103F-16F7-4668-BE54-9A1E7A4F7556}") = "Sales.API", "Sales.API\Sales.API.csproj", "{50BAB3A1-B679-4F38-B04F-BDBE4819850D}"
EndProject
Project("{9A19103F-16F7-4668-BE54-9A1E7A4F7556}") = "Sales.Web", "Sales.Web\Sales.Web.csproj", "{A3E5F733-80B5-43DB-8BFA-497DDC8281AF}"
EndProject
Project("{9A19103F-16F7-4668-BE54-9A1E7A4F7556}") = "Sales.Mobile", "Sales.Mobile\Sales.Mobile.csproj", "{499BF284-C2D5-4E08-9B34-EF4938F1A734}"
EndProject
Global
	GlobalSection(SolutionConfigurationPlatforms) = preSolution
		Debug|Any CPU = Debug|Any CPU
		Release|Any CPU = Release|Any CPU
	EndGlobalSection
	GlobalSection(ProjectConfigurationPlatforms) = postSolution
		{2206858E-1A48-4AE0-A3DD-C0C5D524613C}.Debug|Any CPU.ActiveCfg = Debug|Any CPU
		{2206858E-1A48-4AE0-A3DD-C0C5D524613C}.Debug|Any CPU.Build.0 = Debug|Any CPU
		{2206858E-1A48-4AE0-A3DD-C0C5D524613C}.Release|Any CPU.ActiveCfg = Release|Any CPU
		{2206858E-1A48-4AE0-A3DD-C0C5D524613C}.Release|Any CPU.Build.0 = Release|Any CPU
		{50BAB3A1-B679-4F38-B04F-BDBE4819850D}.Debug|Any CPU.ActiveCfg = Debug|Any CPU
		{50BAB3A1-B679-4F38-B04F-BDBE4819850D}.Debug|Any CPU.Build.0 = Debug|Any CPU
		{50BAB3A1-B679-4F38-B04F-BDBE4819850D}.Release|Any CPU.ActiveCfg = Release|Any CPU
		{50BAB3A1-B679-4F38-B04F-BDBE4819850D}.Release|Any CPU.Build.0 = Release|Any CPU
		{A3E5F733-80B5-43DB-8BFA-497DDC8281AF}.Debug|Any CPU.ActiveCfg = Debug|Any CPU
		{A3E5F733-80B5-43DB-8BFA-497DDC8281AF}.Debug|Any CPU.Build.0 = Debug|Any CPU
		{A3E5F733-80B5-43DB-8BFA-497DDC8281AF}.Release|Any CPU.ActiveCfg = Release|Any CPU
		{A3E5F733-80B5-43DB-8BFA-497DDC8281AF}.Release|Any CPU.Build.0 = Release|Any CPU
		{499BF284-C2D5-4E08-9B34-EF4938F1A734}.Debug|Any CPU.ActiveCfg = Debug|Any CPU
		{499BF284-C2D5-4E08-9B34-EF4938F1A734}.Debug|Any CPU.Build.0 = Debug|Any CPU
		{499BF284-C2D5-4E08-9B34-EF4938F1A734}.Debug|Any CPU.Deploy.0 = Debug|Any CPU
		{499BF284-C2D5-4E08-9B34-EF4938F1A734}.Release|Any CPU.ActiveCfg = Release|Any CPU
		{499BF284-C2D5-4E08-9B34-EF4938F1A734}.Release|Any CPU.Build.0 = Release|Any CPU
		{499BF284-C2D5-4E08-9B34-EF4938F1A734}.Release|Any CPU.Deploy.0 = Release|Any CPU
	EndGlobalSection
	GlobalSection(SolutionProperties) = preSolution
		HideSolutionNode = FALSE
	EndGlobalSection
	GlobalSection(ExtensibilityGlobals) = postSolution
		SolutionGuid = {1254CAC6-B979-427E-8DD2-8B01A1F4E1E7}
	EndGlobalSection
EndGlobal
